
Microsoft Visual Studio Solution File, Format Version 12.00
# Visual Studio Version 17
VisualStudioVersion = 17.5.002.0
MinimumVisualStudioVersion = 10.0.40219.1
Project("{9A19103F-16F7-4668-BE54-9A1E7A4F7556}") = "ambientacao", "ambientacao.csproj", "{FC153D3B-152F-4BF3-B8D5-B189FB494B79}"
EndProject
Global
	GlobalSection(SolutionConfigurationPlatforms) = preSolution
		Debug|Any CPU = Debug|Any CPU
		Release|Any CPU = Release|Any CPU
	EndGlobalSection
	GlobalSection(ProjectConfigurationPlatforms) = postSolution
		{FC153D3B-152F-4BF3-B8D5-B189FB494B79}.Debug|Any CPU.ActiveCfg = Debug|Any CPU
		{FC153D3B-152F-4BF3-B8D5-B189FB494B79}.Debug|Any CPU.Build.0 = Debug|Any CPU
		{FC153D3B-152F-4BF3-B8D5-B189FB494B79}.Release|Any CPU.ActiveCfg = Release|Any CPU
		{FC153D3B-152F-4BF3-B8D5-B189FB494B79}.Release|Any CPU.Build.0 = Release|Any CPU
	EndGlobalSection
	GlobalSection(SolutionProperties) = preSolution
		HideSolutionNode = FALSE
	EndGlobalSection
	GlobalSection(ExtensibilityGlobals) = postSolution
		SolutionGuid = {A6C7A179-AD0E-4B53-AFC3-CF63492E1003}
	EndGlobalSection
EndGlobal
